// !$*UTF8*$!
{
	archiveVersion = 1;
	classes = {
	};
	objectVersion = 56;
	objects = {

/* Begin PBXBuildFile section */
		BF0B81DA29CC56B300A4700D /* SDWebImageSpeedIssue Watch App.app in Embed Watch Content */ = {isa = PBXBuildFile; fileRef = BF0B81D929CC56B300A4700D /* SDWebImageSpeedIssue Watch App.app */; settings = {ATTRIBUTES = (RemoveHeadersOnCopy, ); }; };
		BF0B81DF29CC56B300A4700D /* SDWebImageSpeedIssueApp.swift in Sources */ = {isa = PBXBuildFile; fileRef = BF0B81DE29CC56B300A4700D /* SDWebImageSpeedIssueApp.swift */; };
		BF0B81E129CC56B300A4700D /* ContentView.swift in Sources */ = {isa = PBXBuildFile; fileRef = BF0B81E029CC56B300A4700D /* ContentView.swift */; };
		BF0B81E329CC56B400A4700D /* Assets.xcassets in Resources */ = {isa = PBXBuildFile; fileRef = BF0B81E229CC56B400A4700D /* Assets.xcassets */; };
		BF0B81E629CC56B400A4700D /* Preview Assets.xcassets in Resources */ = {isa = PBXBuildFile; fileRef = BF0B81E529CC56B400A4700D /* Preview Assets.xcassets */; };
		BF0B81F229CC56D800A4700D /* SDWebImageSwiftUI in Frameworks */ = {isa = PBXBuildFile; productRef = BF0B81F129CC56D800A4700D /* SDWebImageSwiftUI */; };
		BF0B81F529CC56FE00A4700D /* SDWebImage in Frameworks */ = {isa = PBXBuildFile; productRef = BF0B81F429CC56FE00A4700D /* SDWebImage */; };
/* End PBXBuildFile section */

/* Begin PBXContainerItemProxy section */
		BF0B81DB29CC56B300A4700D /* PBXContainerItemProxy */ = {
			isa = PBXContainerItemProxy;
			containerPortal = BF0B81CD29CC56B300A4700D /* Project object */;
			proxyType = 1;
			remoteGlobalIDString = BF0B81D829CC56B300A4700D;
			remoteInfo = "SDWebImageSpeedIssue Watch App";
		};
/* End PBXContainerItemProxy section */

/* Begin PBXCopyFilesBuildPhase section */
		BF0B81EC29CC56B400A4700D /* Embed Watch Content */ = {
			isa = PBXCopyFilesBuildPhase;
			buildActionMask = 2147483647;
			dstPath = "$(CONTENTS_FOLDER_PATH)/Watch";
			dstSubfolderSpec = 16;
			files = (
				BF0B81DA29CC56B300A4700D /* SDWebImageSpeedIssue Watch App.app in Embed Watch Content */,
			);
			name = "Embed Watch Content";
			runOnlyForDeploymentPostprocessing = 0;
		};
/* End PBXCopyFilesBuildPhase section */

/* Begin PBXFileReference section */
		BF0B81D329CC56B300A4700D /* SDWebImageSpeedIssue.app */ = {isa = PBXFileReference; explicitFileType = wrapper.application; includeInIndex = 0; path = SDWebImageSpeedIssue.app; sourceTree = BUILT_PRODUCTS_DIR; };
		BF0B81D929CC56B300A4700D /* SDWebImageSpeedIssue Watch App.app */ = {isa = PBXFileReference; explicitFileType = wrapper.application; includeInIndex = 0; path = "SDWebImageSpeedIssue Watch App.app"; sourceTree = BUILT_PRODUCTS_DIR; };
		BF0B81DE29CC56B300A4700D /* SDWebImageSpeedIssueApp.swift */ = {isa = PBXFileReference; lastKnownFileType = sourcecode.swift; path = SDWebImageSpeedIssueApp.swift; sourceTree = "<group>"; };
		BF0B81E029CC56B300A4700D /* ContentView.swift */ = {isa = PBXFileReference; lastKnownFileType = sourcecode.swift; path = ContentView.swift; sourceTree = "<group>"; };
		BF0B81E229CC56B400A4700D /* Assets.xcassets */ = {isa = PBXFileReference; lastKnownFileType = folder.assetcatalog; path = Assets.xcassets; sourceTree = "<group>"; };
		BF0B81E529CC56B400A4700D /* Preview Assets.xcassets */ = {isa = PBXFileReference; lastKnownFileType = folder.assetcatalog; path = "Preview Assets.xcassets"; sourceTree = "<group>"; };
/* End PBXFileReference section */

/* Begin PBXFrameworksBuildPhase section */
		BF0B81D629CC56B300A4700D /* Frameworks */ = {
			isa = PBXFrameworksBuildPhase;
			buildActionMask = 2147483647;
			files = (
				BF0B81F529CC56FE00A4700D /* SDWebImage in Frameworks */,
				BF0B81F229CC56D800A4700D /* SDWebImageSwiftUI in Frameworks */,
			);
			runOnlyForDeploymentPostprocessing = 0;
		};
/* End PBXFrameworksBuildPhase section */

/* Begin PBXGroup section */
		BF0B81CC29CC56B300A4700D = {
			isa = PBXGroup;
			children = (
				BF0B81DD29CC56B300A4700D /* SDWebImageSpeedIssue Watch App */,
				BF0B81D429CC56B300A4700D /* Products */,
			);
			sourceTree = "<group>";
		};
		BF0B81D429CC56B300A4700D /* Products */ = {
			isa = PBXGroup;
			children = (
				BF0B81D329CC56B300A4700D /* SDWebImageSpeedIssue.app */,
				BF0B81D929CC56B300A4700D /* SDWebImageSpeedIssue Watch App.app */,
			);
			name = Products;
			sourceTree = "<group>";
		};
		BF0B81DD29CC56B300A4700D /* SDWebImageSpeedIssue Watch App */ = {
			isa = PBXGroup;
			children = (
				BF0B81DE29CC56B300A4700D /* SDWebImageSpeedIssueApp.swift */,
				BF0B81E029CC56B300A4700D /* ContentView.swift */,
				BF0B81E229CC56B400A4700D /* Assets.xcassets */,
				BF0B81E429CC56B400A4700D /* Preview Content */,
			);
			path = "SDWebImageSpeedIssue Watch App";
			sourceTree = "<group>";
		};
		BF0B81E429CC56B400A4700D /* Preview Content */ = {
			isa = PBXGroup;
			children = (
				BF0B81E529CC56B400A4700D /* Preview Assets.xcassets */,
			);
			path = "Preview Content";
			sourceTree = "<group>";
		};
/* End PBXGroup section */

/* Begin PBXNativeTarget section */
		BF0B81D229CC56B300A4700D /* SDWebImageSpeedIssue */ = {
			isa = PBXNativeTarget;
			buildConfigurationList = BF0B81ED29CC56B400A4700D /* Build configuration list for PBXNativeTarget "SDWebImageSpeedIssue" */;
			buildPhases = (
				BF0B81D129CC56B300A4700D /* Resources */,
				BF0B81EC29CC56B400A4700D /* Embed Watch Content */,
			);
			buildRules = (
			);
			dependencies = (
				BF0B81DC29CC56B300A4700D /* PBXTargetDependency */,
			);
			name = SDWebImageSpeedIssue;
			productName = SDWebImageSpeedIssue;
			productReference = BF0B81D329CC56B300A4700D /* SDWebImageSpeedIssue.app */;
			productType = "com.apple.product-type.application.watchapp2-container";
		};
		BF0B81D829CC56B300A4700D /* SDWebImageSpeedIssue Watch App */ = {
			isa = PBXNativeTarget;
			buildConfigurationList = BF0B81E929CC56B400A4700D /* Build configuration list for PBXNativeTarget "SDWebImageSpeedIssue Watch App" */;
			buildPhases = (
				BF0B81D529CC56B300A4700D /* Sources */,
				BF0B81D629CC56B300A4700D /* Frameworks */,
				BF0B81D729CC56B300A4700D /* Resources */,
			);
			buildRules = (
			);
			dependencies = (
			);
			name = "SDWebImageSpeedIssue Watch App";
			packageProductDependencies = (
				BF0B81F129CC56D800A4700D /* SDWebImageSwiftUI */,
				BF0B81F429CC56FE00A4700D /* SDWebImage */,
			);
			productName = "SDWebImageSpeedIssue Watch App";
			productReference = BF0B81D929CC56B300A4700D /* SDWebImageSpeedIssue Watch App.app */;
			productType = "com.apple.product-type.application";
		};
/* End PBXNativeTarget section */

/* Begin PBXProject section */
		BF0B81CD29CC56B300A4700D /* Project object */ = {
			isa = PBXProject;
			attributes = {
				BuildIndependentTargetsInParallel = 1;
				LastSwiftUpdateCheck = 1420;
				LastUpgradeCheck = 1420;
				TargetAttributes = {
					BF0B81D229CC56B300A4700D = {
						CreatedOnToolsVersion = 14.2;
					};
					BF0B81D829CC56B300A4700D = {
						CreatedOnToolsVersion = 14.2;
					};
				};
			};
			buildConfigurationList = BF0B81D029CC56B300A4700D /* Build configuration list for PBXProject "SDWebImageSpeedIssue" */;
			compatibilityVersion = "Xcode 14.0";
			developmentRegion = en;
			hasScannedForEncodings = 0;
			knownRegions = (
				en,
				Base,
			);
			mainGroup = BF0B81CC29CC56B300A4700D;
			packageReferences = (
				BF0B81F029CC56D800A4700D /* XCRemoteSwiftPackageReference "SDWebImageSwiftUI" */,
				BF0B81F329CC56FE00A4700D /* XCRemoteSwiftPackageReference "SDWebImage" */,
			);
			productRefGroup = BF0B81D429CC56B300A4700D /* Products */;
			projectDirPath = "";
			projectRoot = "";
			targets = (
				BF0B81D229CC56B300A4700D /* SDWebImageSpeedIssue */,
				BF0B81D829CC56B300A4700D /* SDWebImageSpeedIssue Watch App */,
			);
		};
/* End PBXProject section */

/* Begin PBXResourcesBuildPhase section */
		BF0B81D129CC56B300A4700D /* Resources */ = {
			isa = PBXResourcesBuildPhase;
			buildActionMask = 2147483647;
			files = (
			);
			runOnlyForDeploymentPostprocessing = 0;
		};
		BF0B81D729CC56B300A4700D /* Resources */ = {
			isa = PBXResourcesBuildPhase;
			buildActionMask = 2147483647;
			files = (
				BF0B81E629CC56B400A4700D /* Preview Assets.xcassets in Resources */,
				BF0B81E329CC56B400A4700D /* Assets.xcassets in Resources */,
			);
			runOnlyForDeploymentPostprocessing = 0;
		};
/* End PBXResourcesBuildPhase section */

/* Begin PBXSourcesBuildPhase section */
		BF0B81D529CC56B300A4700D /* Sources */ = {
			isa = PBXSourcesBuildPhase;
			buildActionMask = 2147483647;
			files = (
				BF0B81E129CC56B300A4700D /* ContentView.swift in Sources */,
				BF0B81DF29CC56B300A4700D /* SDWebImageSpeedIssueApp.swift in Sources */,
			);
			runOnlyForDeploymentPostprocessing = 0;
		};
/* End PBXSourcesBuildPhase section */

/* Begin PBXTargetDependency section */
		BF0B81DC29CC56B300A4700D /* PBXTargetDependency */ = {
			isa = PBXTargetDependency;
			target = BF0B81D829CC56B300A4700D /* SDWebImageSpeedIssue Watch App */;
			targetProxy = BF0B81DB29CC56B300A4700D /* PBXContainerItemProxy */;
		};
/* End PBXTargetDependency section */

/* Begin XCBuildConfiguration section */
		BF0B81E729CC56B400A4700D /* Debug */ = {
			isa = XCBuildConfiguration;
			buildSettings = {
				ALWAYS_SEARCH_USER_PATHS = NO;
				CLANG_ANALYZER_NONNULL = YES;
				CLANG_ANALYZER_NUMBER_OBJECT_CONVERSION = YES_AGGRESSIVE;
				CLANG_CXX_LANGUAGE_STANDARD = "gnu++20";
				CLANG_ENABLE_MODULES = YES;
				CLANG_ENABLE_OBJC_ARC = YES;
				CLANG_ENABLE_OBJC_WEAK = YES;
				CLANG_WARN_BLOCK_CAPTURE_AUTORELEASING = YES;
				CLANG_WARN_BOOL_CONVERSION = YES;
				CLANG_WARN_COMMA = YES;
				CLANG_WARN_CONSTANT_CONVERSION = YES;
				CLANG_WARN_DEPRECATED_OBJC_IMPLEMENTATIONS = YES;
				CLANG_WARN_DIRECT_OBJC_ISA_USAGE = YES_ERROR;
				CLANG_WARN_DOCUMENTATION_COMMENTS = YES;
				CLANG_WARN_EMPTY_BODY = YES;
				CLANG_WARN_ENUM_CONVERSION = YES;
				CLANG_WARN_INFINITE_RECURSION = YES;
				CLANG_WARN_INT_CONVERSION = YES;
				CLANG_WARN_NON_LITERAL_NULL_CONVERSION = YES;
				CLANG_WARN_OBJC_IMPLICIT_RETAIN_SELF = YES;
				CLANG_WARN_OBJC_LITERAL_CONVERSION = YES;
				CLANG_WARN_OBJC_ROOT_CLASS = YES_ERROR;
				CLANG_WARN_QUOTED_INCLUDE_IN_FRAMEWORK_HEADER = YES;
				CLANG_WARN_RANGE_LOOP_ANALYSIS = YES;
				CLANG_WARN_STRICT_PROTOTYPES = YES;
				CLANG_WARN_SUSPICIOUS_MOVE = YES;
				CLANG_WARN_UNGUARDED_AVAILABILITY = YES_AGGRESSIVE;
				CLANG_WARN_UNREACHABLE_CODE = YES;
				CLANG_WARN__DUPLICATE_METHOD_MATCH = YES;
				COPY_PHASE_STRIP = NO;
				DEBUG_INFORMATION_FORMAT = dwarf;
				ENABLE_STRICT_OBJC_MSGSEND = YES;
				ENABLE_TESTABILITY = YES;
				GCC_C_LANGUAGE_STANDARD = gnu11;
				GCC_DYNAMIC_NO_PIC = NO;
				GCC_NO_COMMON_BLOCKS = YES;
				GCC_OPTIMIZATION_LEVEL = 0;
				GCC_PREPROCESSOR_DEFINITIONS = (
					"DEBUG=1",
					"$(inherited)",
				);
				GCC_WARN_64_TO_32_BIT_CONVERSION = YES;
				GCC_WARN_ABOUT_RETURN_TYPE = YES_ERROR;
				GCC_WARN_UNDECLARED_SELECTOR = YES;
				GCC_WARN_UNINITIALIZED_AUTOS = YES_AGGRESSIVE;
				GCC_WARN_UNUSED_FUNCTION = YES;
				GCC_WARN_UNUSED_VARIABLE = YES;
				MTL_ENABLE_DEBUG_INFO = INCLUDE_SOURCE;
				MTL_FAST_MATH = YES;
				ONLY_ACTIVE_ARCH = YES;
				SWIFT_ACTIVE_COMPILATION_CONDITIONS = DEBUG;
				SWIFT_OPTIMIZATION_LEVEL = "-Onone";
			};
			name = Debug;
		};
		BF0B81E829CC56B400A4700D /* Release */ = {
			isa = XCBuildConfiguration;
			buildSettings = {
				ALWAYS_SEARCH_USER_PATHS = NO;
				CLANG_ANALYZER_NONNULL = YES;
				CLANG_ANALYZER_NUMBER_OBJECT_CONVERSION = YES_AGGRESSIVE;
				CLANG_CXX_LANGUAGE_STANDARD = "gnu++20";
				CLANG_ENABLE_MODULES = YES;
				CLANG_ENABLE_OBJC_ARC = YES;
				CLANG_ENABLE_OBJC_WEAK = YES;
				CLANG_WARN_BLOCK_CAPTURE_AUTORELEASING = YES;
				CLANG_WARN_BOOL_CONVERSION = YES;
				CLANG_WARN_COMMA = YES;
				CLANG_WARN_CONSTANT_CONVERSION = YES;
				CLANG_WARN_DEPRECATED_OBJC_IMPLEMENTATIONS = YES;
				CLANG_WARN_DIRECT_OBJC_ISA_USAGE = YES_ERROR;
				CLANG_WARN_DOCUMENTATION_COMMENTS = YES;
				CLANG_WARN_EMPTY_BODY = YES;
				CLANG_WARN_ENUM_CONVERSION = YES;
				CLANG_WARN_INFINITE_RECURSION = YES;
				CLANG_WARN_INT_CONVERSION = YES;
				CLANG_WARN_NON_LITERAL_NULL_CONVERSION = YES;
				CLANG_WARN_OBJC_IMPLICIT_RETAIN_SELF = YES;
				CLANG_WARN_OBJC_LITERAL_CONVERSION = YES;
				CLANG_WARN_OBJC_ROOT_CLASS = YES_ERROR;
				CLANG_WARN_QUOTED_INCLUDE_IN_FRAMEWORK_HEADER = YES;
				CLANG_WARN_RANGE_LOOP_ANALYSIS = YES;
				CLANG_WARN_STRICT_PROTOTYPES = YES;
				CLANG_WARN_SUSPICIOUS_MOVE = YES;
				CLANG_WARN_UNGUARDED_AVAILABILITY = YES_AGGRESSIVE;
				CLANG_WARN_UNREACHABLE_CODE = YES;
				CLANG_WARN__DUPLICATE_METHOD_MATCH = YES;
				COPY_PHASE_STRIP = NO;
				DEBUG_INFORMATION_FORMAT = "dwarf-with-dsym";
				ENABLE_NS_ASSERTIONS = NO;
				ENABLE_STRICT_OBJC_MSGSEND = YES;
				GCC_C_LANGUAGE_STANDARD = gnu11;
				GCC_NO_COMMON_BLOCKS = YES;
				GCC_WARN_64_TO_32_BIT_CONVERSION = YES;
				GCC_WARN_ABOUT_RETURN_TYPE = YES_ERROR;
				GCC_WARN_UNDECLARED_SELECTOR = YES;
				GCC_WARN_UNINITIALIZED_AUTOS = YES_AGGRESSIVE;
				GCC_WARN_UNUSED_FUNCTION = YES;
				GCC_WARN_UNUSED_VARIABLE = YES;
				MTL_ENABLE_DEBUG_INFO = NO;
				MTL_FAST_MATH = YES;
				SWIFT_COMPILATION_MODE = wholemodule;
				SWIFT_OPTIMIZATION_LEVEL = "-O";
			};
			name = Release;
		};
		BF0B81EA29CC56B400A4700D /* Debug */ = {
			isa = XCBuildConfiguration;
			buildSettings = {
				ASSETCATALOG_COMPILER_APPICON_NAME = AppIcon;
				ASSETCATALOG_COMPILER_GLOBAL_ACCENT_COLOR_NAME = AccentColor;
				CODE_SIGN_STYLE = Automatic;
				CURRENT_PROJECT_VERSION = 1;
				DEVELOPMENT_ASSET_PATHS = "\"SDWebImageSpeedIssue Watch App/Preview Content\"";
				DEVELOPMENT_TEAM = 3X69W4AQD6;
				ENABLE_PREVIEWS = YES;
				GENERATE_INFOPLIST_FILE = YES;
				INFOPLIST_KEY_CFBundleDisplayName = SDWebImageSpeedIssue;
				INFOPLIST_KEY_UISupportedInterfaceOrientations = "UIInterfaceOrientationPortrait UIInterfaceOrientationPortraitUpsideDown";
				INFOPLIST_KEY_WKWatchOnly = YES;
				LD_RUNPATH_SEARCH_PATHS = (
					"$(inherited)",
					"@executable_path/Frameworks",
				);
				MARKETING_VERSION = 1.0;
				PRODUCT_BUNDLE_IDENTIFIER = "com.vincent-neo.SDWebImageSpeedIssue.watchkitapp";
				PRODUCT_NAME = "$(TARGET_NAME)";
				SDKROOT = watchos;
				SKIP_INSTALL = YES;
				SWIFT_EMIT_LOC_STRINGS = YES;
				SWIFT_VERSION = 5.0;
				TARGETED_DEVICE_FAMILY = 4;
				WATCHOS_DEPLOYMENT_TARGET = 9.1;
			};
			name = Debug;
		};
		BF0B81EB29CC56B400A4700D /* Release */ = {
			isa = XCBuildConfiguration;
			buildSettings = {
				ASSETCATALOG_COMPILER_APPICON_NAME = AppIcon;
				ASSETCATALOG_COMPILER_GLOBAL_ACCENT_COLOR_NAME = AccentColor;
				CODE_SIGN_STYLE = Automatic;
				CURRENT_PROJECT_VERSION = 1;
				DEVELOPMENT_ASSET_PATHS = "\"SDWebImageSpeedIssue Watch App/Preview Content\"";
				DEVELOPMENT_TEAM = 3X69W4AQD6;
				ENABLE_PREVIEWS = YES;
				GENERATE_INFOPLIST_FILE = YES;
				INFOPLIST_KEY_CFBundleDisplayName = SDWebImageSpeedIssue;
				INFOPLIST_KEY_UISupportedInterfaceOrientations = "UIInterfaceOrientationPortrait UIInterfaceOrientationPortraitUpsideDown";
				INFOPLIST_KEY_WKWatchOnly = YES;
				LD_RUNPATH_SEARCH_PATHS = (
					"$(inherited)",
					"@executable_path/Frameworks",
				);
				MARKETING_VERSION = 1.0;
				PRODUCT_BUNDLE_IDENTIFIER = "com.vincent-neo.SDWebImageSpeedIssue.watchkitapp";
				PRODUCT_NAME = "$(TARGET_NAME)";
				SDKROOT = watchos;
				SKIP_INSTALL = YES;
				SWIFT_EMIT_LOC_STRINGS = YES;
				SWIFT_VERSION = 5.0;
				TARGETED_DEVICE_FAMILY = 4;
				VALIDATE_PRODUCT = YES;
				WATCHOS_DEPLOYMENT_TARGET = 9.1;
			};
			name = Release;
		};
		BF0B81EE29CC56B400A4700D /* Debug */ = {
			isa = XCBuildConfiguration;
			buildSettings = {
				ALWAYS_EMBED_SWIFT_STANDARD_LIBRARIES = YES;
				CODE_SIGN_STYLE = Automatic;
				CURRENT_PROJECT_VERSION = 1;
				DEVELOPMENT_TEAM = 3X69W4AQD6;
				INFOPLIST_KEY_CFBundleDisplayName = SDWebImageSpeedIssue;
				MARKETING_VERSION = 1.0;
				PRODUCT_BUNDLE_IDENTIFIER = "com.vincent-neo.SDWebImageSpeedIssue";
				PRODUCT_NAME = "$(TARGET_NAME)";
				SDKROOT = iphoneos;
				SWIFT_VERSION = 5.0;
			};
			name = Debug;
		};
		BF0B81EF29CC56B400A4700D /* Release */ = {
			isa = XCBuildConfiguration;
			buildSettings = {
				ALWAYS_EMBED_SWIFT_STANDARD_LIBRARIES = YES;
				CODE_SIGN_STYLE = Automatic;
				CURRENT_PROJECT_VERSION = 1;
				DEVELOPMENT_TEAM = 3X69W4AQD6;
				INFOPLIST_KEY_CFBundleDisplayName = SDWebImageSpeedIssue;
				MARKETING_VERSION = 1.0;
				PRODUCT_BUNDLE_IDENTIFIER = "com.vincent-neo.SDWebImageSpeedIssue";
				PRODUCT_NAME = "$(TARGET_NAME)";
				SDKROOT = iphoneos;
				SWIFT_VERSION = 5.0;
				VALIDATE_PRODUCT = YES;
			};
			name = Release;
		};
/* End XCBuildConfiguration section */

/* Begin XCConfigurationList section */
		BF0B81D029CC56B300A4700D /* Build configuration list for PBXProject "SDWebImageSpeedIssue" */ = {
			isa = XCConfigurationList;
			buildConfigurations = (
				BF0B81E729CC56B400A4700D /* Debug */,
				BF0B81E829CC56B400A4700D /* Release */,
			);
			defaultConfigurationIsVisible = 0;
			defaultConfigurationName = Release;
		};
		BF0B81E929CC56B400A4700D /* Build configuration list for PBXNativeTarget "SDWebImageSpeedIssue Watch App" */ = {
			isa = XCConfigurationList;
			buildConfigurations = (
				BF0B81EA29CC56B400A4700D /* Debug */,
				BF0B81EB29CC56B400A4700D /* Release */,
			);
			defaultConfigurationIsVisible = 0;
			defaultConfigurationName = Release;
		};
		BF0B81ED29CC56B400A4700D /* Build configuration list for PBXNativeTarget "SDWebImageSpeedIssue" */ = {
			isa = XCConfigurationList;
			buildConfigurations = (
				BF0B81EE29CC56B400A4700D /* Debug */,
				BF0B81EF29CC56B400A4700D /* Release */,
			);
			defaultConfigurationIsVisible = 0;
			defaultConfigurationName = Release;
		};
/* End XCConfigurationList section */

/* Begin XCRemoteSwiftPackageReference section */
		BF0B81F029CC56D800A4700D /* XCRemoteSwiftPackageReference "SDWebImageSwiftUI" */ = {
			isa = XCRemoteSwiftPackageReference;
			repositoryURL = "https://github.com/SDWebImage/SDWebImageSwiftUI";
			requirement = {
				branch = drop_ios_13;
				kind = branch;
			};
		};
		BF0B81F329CC56FE00A4700D /* XCRemoteSwiftPackageReference "SDWebImage" */ = {
			isa = XCRemoteSwiftPackageReference;
			repositoryURL = "https://github.com/SDWebImage/SDWebImage.git";
			requirement = {
				kind = exactVersion;
				version = 5.15.5;
			};
		};
/* End XCRemoteSwiftPackageReference section */

/* Begin XCSwiftPackageProductDependency section */
		BF0B81F129CC56D800A4700D /* SDWebImageSwiftUI */ = {
			isa = XCSwiftPackageProductDependency;
			package = BF0B81F029CC56D800A4700D /* XCRemoteSwiftPackageReference "SDWebImageSwiftUI" */;
			productName = SDWebImageSwiftUI;
		};
		BF0B81F429CC56FE00A4700D /* SDWebImage */ = {
			isa = XCSwiftPackageProductDependency;
			package = BF0B81F329CC56FE00A4700D /* XCRemoteSwiftPackageReference "SDWebImage" */;
			productName = SDWebImage;
		};
/* End XCSwiftPackageProductDependency section */
	};
	rootObject = BF0B81CD29CC56B300A4700D /* Project object */;
}
